// !$*UTF8*$!
{
	archiveVersion = 1;
	classes = {
	};
	objectVersion = 56;
	objects = {

/* Begin PBXBuildFile section */
		DAD2B9492AB3782900EA4E4C /* AppDelegate.swift in Sources */ = {isa = PBXBuildFile; fileRef = DAD2B9482AB3782900EA4E4C /* AppDelegate.swift */; };
		DAD2B94B2AB3782900EA4E4C /* SceneDelegate.swift in Sources */ = {isa = PBXBuildFile; fileRef = DAD2B94A2AB3782900EA4E4C /* SceneDelegate.swift */; };
		DAD2B94D2AB3782900EA4E4C /* HomepageVC.swift in Sources */ = {isa = PBXBuildFile; fileRef = DAD2B94C2AB3782900EA4E4C /* HomepageVC.swift */; };
		DAD2B9502AB3782900EA4E4C /* Main.storyboard in Resources */ = {isa = PBXBuildFile; fileRef = DAD2B94E2AB3782900EA4E4C /* Main.storyboard */; };
		DAD2B9522AB3782A00EA4E4C /* Assets.xcassets in Resources */ = {isa = PBXBuildFile; fileRef = DAD2B9512AB3782A00EA4E4C /* Assets.xcassets */; };
		DAD2B9552AB3782A00EA4E4C /* LaunchScreen.storyboard in Resources */ = {isa = PBXBuildFile; fileRef = DAD2B9532AB3782A00EA4E4C /* LaunchScreen.storyboard */; };
		DAD2B95D2AB37D3800EA4E4C /* GameVC.swift in Sources */ = {isa = PBXBuildFile; fileRef = DAD2B95C2AB37D3800EA4E4C /* GameVC.swift */; };
		DAD2B95F2AB37DBB00EA4E4C /* ResultVC.swift in Sources */ = {isa = PBXBuildFile; fileRef = DAD2B95E2AB37DBB00EA4E4C /* ResultVC.swift */; };
/* End PBXBuildFile section */

/* Begin PBXFileReference section */
		DAD2B9452AB3782900EA4E4C /* WorkingStructure.app */ = {isa = PBXFileReference; explicitFileType = wrapper.application; includeInIndex = 0; path = WorkingStructure.app; sourceTree = BUILT_PRODUCTS_DIR; };
		DAD2B9482AB3782900EA4E4C /* AppDelegate.swift */ = {isa = PBXFileReference; lastKnownFileType = sourcecode.swift; path = AppDelegate.swift; sourceTree = "<group>"; };
		DAD2B94A2AB3782900EA4E4C /* SceneDelegate.swift */ = {isa = PBXFileReference; lastKnownFileType = sourcecode.swift; path = SceneDelegate.swift; sourceTree = "<group>"; };
		DAD2B94C2AB3782900EA4E4C /* HomepageVC.swift */ = {isa = PBXFileReference; lastKnownFileType = sourcecode.swift; path = HomepageVC.swift; sourceTree = "<group>"; };
		DAD2B94F2AB3782900EA4E4C /* Base */ = {isa = PBXFileReference; lastKnownFileType = file.storyboard; name = Base; path = Base.lproj/Main.storyboard; sourceTree = "<group>"; };
		DAD2B9512AB3782A00EA4E4C /* Assets.xcassets */ = {isa = PBXFileReference; lastKnownFileType = folder.assetcatalog; path = Assets.xcassets; sourceTree = "<group>"; };
		DAD2B9542AB3782A00EA4E4C /* Base */ = {isa = PBXFileReference; lastKnownFileType = file.storyboard; name = Base; path = Base.lproj/LaunchScreen.storyboard; sourceTree = "<group>"; };
		DAD2B9562AB3782A00EA4E4C /* Info.plist */ = {isa = PBXFileReference; lastKnownFileType = text.plist.xml; path = Info.plist; sourceTree = "<group>"; };
		DAD2B95C2AB37D3800EA4E4C /* GameVC.swift */ = {isa = PBXFileReference; lastKnownFileType = sourcecode.swift; path = GameVC.swift; sourceTree = "<group>"; };
		DAD2B95E2AB37DBB00EA4E4C /* ResultVC.swift */ = {isa = PBXFileReference; lastKnownFileType = sourcecode.swift; path = ResultVC.swift; sourceTree = "<group>"; };
/* End PBXFileReference section */

/* Begin PBXFrameworksBuildPhase section */
		DAD2B9422AB3782900EA4E4C /* Frameworks */ = {
			isa = PBXFrameworksBuildPhase;
			buildActionMask = 2147483647;
			files = (
			);
			runOnlyForDeploymentPostprocessing = 0;
		};
/* End PBXFrameworksBuildPhase section */

/* Begin PBXGroup section */
		DAD2B93C2AB3782900EA4E4C = {
			isa = PBXGroup;
			children = (
				DAD2B9472AB3782900EA4E4C /* WorkingStructure */,
				DAD2B9462AB3782900EA4E4C /* Products */,
			);
			sourceTree = "<group>";
		};
		DAD2B9462AB3782900EA4E4C /* Products */ = {
			isa = PBXGroup;
			children = (
				DAD2B9452AB3782900EA4E4C /* WorkingStructure.app */,
			);
			name = Products;
			sourceTree = "<group>";
		};
		DAD2B9472AB3782900EA4E4C /* WorkingStructure */ = {
			isa = PBXGroup;
			children = (
				DAD2B9482AB3782900EA4E4C /* AppDelegate.swift */,
				DAD2B94A2AB3782900EA4E4C /* SceneDelegate.swift */,
				DAD2B94C2AB3782900EA4E4C /* HomepageVC.swift */,
				DAD2B95C2AB37D3800EA4E4C /* GameVC.swift */,
				DAD2B95E2AB37DBB00EA4E4C /* ResultVC.swift */,
				DAD2B94E2AB3782900EA4E4C /* Main.storyboard */,
				DAD2B9512AB3782A00EA4E4C /* Assets.xcassets */,
				DAD2B9532AB3782A00EA4E4C /* LaunchScreen.storyboard */,
				DAD2B9562AB3782A00EA4E4C /* Info.plist */,
			);
			path = WorkingStructure;
			sourceTree = "<group>";
		};
/* End PBXGroup section */

/* Begin PBXNativeTarget section */
		DAD2B9442AB3782900EA4E4C /* WorkingStructure */ = {
			isa = PBXNativeTarget;
			buildConfigurationList = DAD2B9592AB3782A00EA4E4C /* Build configuration list for PBXNativeTarget "WorkingStructure" */;
			buildPhases = (
				DAD2B9412AB3782900EA4E4C /* Sources */,
				DAD2B9422AB3782900EA4E4C /* Frameworks */,
				DAD2B9432AB3782900EA4E4C /* Resources */,
			);
			buildRules = (
			);
			dependencies = (
			);
			name = WorkingStructure;
			productName = WorkingStructure;
			productReference = DAD2B9452AB3782900EA4E4C /* WorkingStructure.app */;
			productType = "com.apple.product-type.application";
		};
/* End PBXNativeTarget section */

/* Begin PBXProject section */
		DAD2B93D2AB3782900EA4E4C /* Project object */ = {
			isa = PBXProject;
			attributes = {
				BuildIndependentTargetsInParallel = 1;
				LastSwiftUpdateCheck = 1430;
				LastUpgradeCheck = 1430;
				TargetAttributes = {
					DAD2B9442AB3782900EA4E4C = {
						CreatedOnToolsVersion = 14.3.1;
					};
				};
			};
			buildConfigurationList = DAD2B9402AB3782900EA4E4C /* Build configuration list for PBXProject "WorkingStructure" */;
			compatibilityVersion = "Xcode 14.0";
			developmentRegion = en;
			hasScannedForEncodings = 0;
			knownRegions = (
				en,
				Base,
			);
			mainGroup = DAD2B93C2AB3782900EA4E4C;
			productRefGroup = DAD2B9462AB3782900EA4E4C /* Products */;
			projectDirPath = "";
			projectRoot = "";
			targets = (
				DAD2B9442AB3782900EA4E4C /* WorkingStructure */,
			);
		};
/* End PBXProject section */

/* Begin PBXResourcesBuildPhase section */
		DAD2B9432AB3782900EA4E4C /* Resources */ = {
			isa = PBXResourcesBuildPhase;
			buildActionMask = 2147483647;
			files = (
				DAD2B9552AB3782A00EA4E4C /* LaunchScreen.storyboard in Resources */,
				DAD2B9522AB3782A00EA4E4C /* Assets.xcassets in Resources */,
				DAD2B9502AB3782900EA4E4C /* Main.storyboard in Resources */,
			);
			runOnlyForDeploymentPostprocessing = 0;
		};
/* End PBXResourcesBuildPhase section */

/* Begin PBXSourcesBuildPhase section */
		DAD2B9412AB3782900EA4E4C /* Sources */ = {
			isa = PBXSourcesBuildPhase;
			buildActionMask = 2147483647;
			files = (
				DAD2B95F2AB37DBB00EA4E4C /* ResultVC.swift in Sources */,
				DAD2B94D2AB3782900EA4E4C /* HomepageVC.swift in Sources */,
				DAD2B9492AB3782900EA4E4C /* AppDelegate.swift in Sources */,
				DAD2B95D2AB37D3800EA4E4C /* GameVC.swift in Sources */,
				DAD2B94B2AB3782900EA4E4C /* SceneDelegate.swift in Sources */,
			);
			runOnlyForDeploymentPostprocessing = 0;
		};
/* End PBXSourcesBuildPhase section */

/* Begin PBXVariantGroup section */
		DAD2B94E2AB3782900EA4E4C /* Main.storyboard */ = {
			isa = PBXVariantGroup;
			children = (
				DAD2B94F2AB3782900EA4E4C /* Base */,
			);
			name = Main.storyboard;
			sourceTree = "<group>";
		};
		DAD2B9532AB3782A00EA4E4C /* LaunchScreen.storyboard */ = {
			isa = PBXVariantGroup;
			children = (
				DAD2B9542AB3782A00EA4E4C /* Base */,
			);
			name = LaunchScreen.storyboard;
			sourceTree = "<group>";
		};
/* End PBXVariantGroup section */

/* Begin XCBuildConfiguration section */
		DAD2B9572AB3782A00EA4E4C /* Debug */ = {
			isa = XCBuildConfiguration;
			buildSettings = {
				ALWAYS_SEARCH_USER_PATHS = NO;
				CLANG_ANALYZER_NONNULL = YES;
				CLANG_ANALYZER_NUMBER_OBJECT_CONVERSION = YES_AGGRESSIVE;
				CLANG_CXX_LANGUAGE_STANDARD = "gnu++20";
				CLANG_ENABLE_MODULES = YES;
				CLANG_ENABLE_OBJC_ARC = YES;
				CLANG_ENABLE_OBJC_WEAK = YES;
				CLANG_WARN_BLOCK_CAPTURE_AUTORELEASING = YES;
				CLANG_WARN_BOOL_CONVERSION = YES;
				CLANG_WARN_COMMA = YES;
				CLANG_WARN_CONSTANT_CONVERSION = YES;
				CLANG_WARN_DEPRECATED_OBJC_IMPLEMENTATIONS = YES;
				CLANG_WARN_DIRECT_OBJC_ISA_USAGE = YES_ERROR;
				CLANG_WARN_DOCUMENTATION_COMMENTS = YES;
				CLANG_WARN_EMPTY_BODY = YES;
				CLANG_WARN_ENUM_CONVERSION = YES;
				CLANG_WARN_INFINITE_RECURSION = YES;
				CLANG_WARN_INT_CONVERSION = YES;
				CLANG_WARN_NON_LITERAL_NULL_CONVERSION = YES;
				CLANG_WARN_OBJC_IMPLICIT_RETAIN_SELF = YES;
				CLANG_WARN_OBJC_LITERAL_CONVERSION = YES;
				CLANG_WARN_OBJC_ROOT_CLASS = YES_ERROR;
				CLANG_WARN_QUOTED_INCLUDE_IN_FRAMEWORK_HEADER = YES;
				CLANG_WARN_RANGE_LOOP_ANALYSIS = YES;
				CLANG_WARN_STRICT_PROTOTYPES = YES;
				CLANG_WARN_SUSPICIOUS_MOVE = YES;
				CLANG_WARN_UNGUARDED_AVAILABILITY = YES_AGGRESSIVE;
				CLANG_WARN_UNREACHABLE_CODE = YES;
				CLANG_WARN__DUPLICATE_METHOD_MATCH = YES;
				COPY_PHASE_STRIP = NO;
				DEBUG_INFORMATION_FORMAT = dwarf;
				ENABLE_STRICT_OBJC_MSGSEND = YES;
				ENABLE_TESTABILITY = YES;
				GCC_C_LANGUAGE_STANDARD = gnu11;
				GCC_DYNAMIC_NO_PIC = NO;
				GCC_NO_COMMON_BLOCKS = YES;
				GCC_OPTIMIZATION_LEVEL = 0;
				GCC_PREPROCESSOR_DEFINITIONS = (
					"DEBUG=1",
					"$(inherited)",
				);
				GCC_WARN_64_TO_32_BIT_CONVERSION = YES;
				GCC_WARN_ABOUT_RETURN_TYPE = YES_ERROR;
				GCC_WARN_UNDECLARED_SELECTOR = YES;
				GCC_WARN_UNINITIALIZED_AUTOS = YES_AGGRESSIVE;
				GCC_WARN_UNUSED_FUNCTION = YES;
				GCC_WARN_UNUSED_VARIABLE = YES;
				IPHONEOS_DEPLOYMENT_TARGET = 16.4;
				MTL_ENABLE_DEBUG_INFO = INCLUDE_SOURCE;
				MTL_FAST_MATH = YES;
				ONLY_ACTIVE_ARCH = YES;
				SDKROOT = iphoneos;
				SWIFT_ACTIVE_COMPILATION_CONDITIONS = DEBUG;
				SWIFT_OPTIMIZATION_LEVEL = "-Onone";
			};
			name = Debug;
		};
		DAD2B9582AB3782A00EA4E4C /* Release */ = {
			isa = XCBuildConfiguration;
			buildSettings = {
				ALWAYS_SEARCH_USER_PATHS = NO;
				CLANG_ANALYZER_NONNULL = YES;
				CLANG_ANALYZER_NUMBER_OBJECT_CONVERSION = YES_AGGRESSIVE;
				CLANG_CXX_LANGUAGE_STANDARD = "gnu++20";
				CLANG_ENABLE_MODULES = YES;
				CLANG_ENABLE_OBJC_ARC = YES;
				CLANG_ENABLE_OBJC_WEAK = YES;
				CLANG_WARN_BLOCK_CAPTURE_AUTORELEASING = YES;
				CLANG_WARN_BOOL_CONVERSION = YES;
				CLANG_WARN_COMMA = YES;
				CLANG_WARN_CONSTANT_CONVERSION = YES;
				CLANG_WARN_DEPRECATED_OBJC_IMPLEMENTATIONS = YES;
				CLANG_WARN_DIRECT_OBJC_ISA_USAGE = YES_ERROR;
				CLANG_WARN_DOCUMENTATION_COMMENTS = YES;
				CLANG_WARN_EMPTY_BODY = YES;
				CLANG_WARN_ENUM_CONVERSION = YES;
				CLANG_WARN_INFINITE_RECURSION = YES;
				CLANG_WARN_INT_CONVERSION = YES;
				CLANG_WARN_NON_LITERAL_NULL_CONVERSION = YES;
				CLANG_WARN_OBJC_IMPLICIT_RETAIN_SELF = YES;
				CLANG_WARN_OBJC_LITERAL_CONVERSION = YES;
				CLANG_WARN_OBJC_ROOT_CLASS = YES_ERROR;
				CLANG_WARN_QUOTED_INCLUDE_IN_FRAMEWORK_HEADER = YES;
				CLANG_WARN_RANGE_LOOP_ANALYSIS = YES;
				CLANG_WARN_STRICT_PROTOTYPES = YES;
				CLANG_WARN_SUSPICIOUS_MOVE = YES;
				CLANG_WARN_UNGUARDED_AVAILABILITY = YES_AGGRESSIVE;
				CLANG_WARN_UNREACHABLE_CODE = YES;
				CLANG_WARN__DUPLICATE_METHOD_MATCH = YES;
				COPY_PHASE_STRIP = NO;
				DEBUG_INFORMATION_FORMAT = "dwarf-with-dsym";
				ENABLE_NS_ASSERTIONS = NO;
				ENABLE_STRICT_OBJC_MSGSEND = YES;
				GCC_C_LANGUAGE_STANDARD = gnu11;
				GCC_NO_COMMON_BLOCKS = YES;
				GCC_WARN_64_TO_32_BIT_CONVERSION = YES;
				GCC_WARN_ABOUT_RETURN_TYPE = YES_ERROR;
				GCC_WARN_UNDECLARED_SELECTOR = YES;
				GCC_WARN_UNINITIALIZED_AUTOS = YES_AGGRESSIVE;
				GCC_WARN_UNUSED_FUNCTION = YES;
				GCC_WARN_UNUSED_VARIABLE = YES;
				IPHONEOS_DEPLOYMENT_TARGET = 16.4;
				MTL_ENABLE_DEBUG_INFO = NO;
				MTL_FAST_MATH = YES;
				SDKROOT = iphoneos;
				SWIFT_COMPILATION_MODE = wholemodule;
				SWIFT_OPTIMIZATION_LEVEL = "-O";
				VALIDATE_PRODUCT = YES;
			};
			name = Release;
		};
		DAD2B95A2AB3782A00EA4E4C /* Debug */ = {
			isa = XCBuildConfiguration;
			buildSettings = {
				ASSETCATALOG_COMPILER_APPICON_NAME = AppIcon;
				ASSETCATALOG_COMPILER_GLOBAL_ACCENT_COLOR_NAME = AccentColor;
				CODE_SIGN_STYLE = Automatic;
				CURRENT_PROJECT_VERSION = 1;
				DEVELOPMENT_TEAM = 7YAHT2XZPP;
				GENERATE_INFOPLIST_FILE = YES;
				INFOPLIST_FILE = WorkingStructure/Info.plist;
				INFOPLIST_KEY_UIApplicationSupportsIndirectInputEvents = YES;
				INFOPLIST_KEY_UILaunchStoryboardName = LaunchScreen;
				INFOPLIST_KEY_UIMainStoryboardFile = Main;
				INFOPLIST_KEY_UISupportedInterfaceOrientations_iPad = "UIInterfaceOrientationPortrait UIInterfaceOrientationPortraitUpsideDown UIInterfaceOrientationLandscapeLeft UIInterfaceOrientationLandscapeRight";
				INFOPLIST_KEY_UISupportedInterfaceOrientations_iPhone = "UIInterfaceOrientationPortrait UIInterfaceOrientationLandscapeLeft UIInterfaceOrientationLandscapeRight";
				LD_RUNPATH_SEARCH_PATHS = (
					"$(inherited)",
					"@executable_path/Frameworks",
				);
				MARKETING_VERSION = 1.0;
				PRODUCT_BUNDLE_IDENTIFIER = yakupacs.WorkingStructure;
				PRODUCT_NAME = "$(TARGET_NAME)";
				SWIFT_EMIT_LOC_STRINGS = YES;
				SWIFT_VERSION = 5.0;
				TARGETED_DEVICE_FAMILY = "1,2";
			};
			name = Debug;
		};
		DAD2B95B2AB3782A00EA4E4C /* Release */ = {
			isa = XCBuildConfiguration;
			buildSettings = {
				ASSETCATALOG_COMPILER_APPICON_NAME = AppIcon;
				ASSETCATALOG_COMPILER_GLOBAL_ACCENT_COLOR_NAME = AccentColor;
				CODE_SIGN_STYLE = Automatic;
				CURRENT_PROJECT_VERSION = 1;
				DEVELOPMENT_TEAM = 7YAHT2XZPP;
				GENERATE_INFOPLIST_FILE = YES;
				INFOPLIST_FILE = WorkingStructure/Info.plist;
				INFOPLIST_KEY_UIApplicationSupportsIndirectInputEvents = YES;
				INFOPLIST_KEY_UILaunchStoryboardName = LaunchScreen;
				INFOPLIST_KEY_UIMainStoryboardFile = Main;
				INFOPLIST_KEY_UISupportedInterfaceOrientations_iPad = "UIInterfaceOrientationPortrait UIInterfaceOrientationPortraitUpsideDown UIInterfaceOrientationLandscapeLeft UIInterfaceOrientationLandscapeRight";
				INFOPLIST_KEY_UISupportedInterfaceOrientations_iPhone = "UIInterfaceOrientationPortrait UIInterfaceOrientationLandscapeLeft UIInterfaceOrientationLandscapeRight";
				LD_RUNPATH_SEARCH_PATHS = (
					"$(inherited)",
					"@executable_path/Frameworks",
				);
				MARKETING_VERSION = 1.0;
				PRODUCT_BUNDLE_IDENTIFIER = yakupacs.WorkingStructure;
				PRODUCT_NAME = "$(TARGET_NAME)";
				SWIFT_EMIT_LOC_STRINGS = YES;
				SWIFT_VERSION = 5.0;
				TARGETED_DEVICE_FAMILY = "1,2";
			};
			name = Release;
		};
/* End XCBuildConfiguration section */

/* Begin XCConfigurationList section */
		DAD2B9402AB3782900EA4E4C /* Build configuration list for PBXProject "WorkingStructure" */ = {
			isa = XCConfigurationList;
			buildConfigurations = (
				DAD2B9572AB3782A00EA4E4C /* Debug */,
				DAD2B9582AB3782A00EA4E4C /* Release */,
			);
			defaultConfigurationIsVisible = 0;
			defaultConfigurationName = Release;
		};
		DAD2B9592AB3782A00EA4E4C /* Build configuration list for PBXNativeTarget "WorkingStructure" */ = {
			isa = XCConfigurationList;
			buildConfigurations = (
				DAD2B95A2AB3782A00EA4E4C /* Debug */,
				DAD2B95B2AB3782A00EA4E4C /* Release */,
			);
			defaultConfigurationIsVisible = 0;
			defaultConfigurationName = Release;
		};
/* End XCConfigurationList section */
	};
	rootObject = DAD2B93D2AB3782900EA4E4C /* Project object */;
}
