// !$*UTF8*$!
{
	archiveVersion = 1;
	classes = {
	};
	objectVersion = 56;
	objects = {

/* Begin PBXBuildFile section */
		DABE39D42AC354B70050FD01 /* ContactDaoRepository.swift in Sources */ = {isa = PBXBuildFile; fileRef = DABE39D32AC354B70050FD01 /* ContactDaoRepository.swift */; };
		DABE39D82AC354FD0050FD01 /* HomepageViewModel.swift in Sources */ = {isa = PBXBuildFile; fileRef = DABE39D72AC354FD0050FD01 /* HomepageViewModel.swift */; };
		DABE39DA2AC355180050FD01 /* ContactRegisterViewModel.swift in Sources */ = {isa = PBXBuildFile; fileRef = DABE39D92AC355180050FD01 /* ContactRegisterViewModel.swift */; };
		DABE39DC2AC355300050FD01 /* ContactDetailViewModel.swift in Sources */ = {isa = PBXBuildFile; fileRef = DABE39DB2AC355300050FD01 /* ContactDetailViewModel.swift */; };
		DABE39DF2AC355A50050FD01 /* RxSwift in Frameworks */ = {isa = PBXBuildFile; productRef = DABE39DE2AC355A50050FD01 /* RxSwift */; };
		DAE35C502ABCA2A3008B94FF /* AppDelegate.swift in Sources */ = {isa = PBXBuildFile; fileRef = DAE35C4F2ABCA2A3008B94FF /* AppDelegate.swift */; };
		DAE35C522ABCA2A3008B94FF /* SceneDelegate.swift in Sources */ = {isa = PBXBuildFile; fileRef = DAE35C512ABCA2A3008B94FF /* SceneDelegate.swift */; };
		DAE35C542ABCA2A3008B94FF /* HomepageVC.swift in Sources */ = {isa = PBXBuildFile; fileRef = DAE35C532ABCA2A3008B94FF /* HomepageVC.swift */; };
		DAE35C572ABCA2A3008B94FF /* Main.storyboard in Resources */ = {isa = PBXBuildFile; fileRef = DAE35C552ABCA2A3008B94FF /* Main.storyboard */; };
		DAE35C592ABCA2A3008B94FF /* Assets.xcassets in Resources */ = {isa = PBXBuildFile; fileRef = DAE35C582ABCA2A3008B94FF /* Assets.xcassets */; };
		DAE35C5C2ABCA2A3008B94FF /* LaunchScreen.storyboard in Resources */ = {isa = PBXBuildFile; fileRef = DAE35C5A2ABCA2A3008B94FF /* LaunchScreen.storyboard */; };
		DAE35C672ABCA422008B94FF /* ContactRegisterVC.swift in Sources */ = {isa = PBXBuildFile; fileRef = DAE35C662ABCA422008B94FF /* ContactRegisterVC.swift */; };
		DAE35C692ABCA45C008B94FF /* ContactDetail.swift in Sources */ = {isa = PBXBuildFile; fileRef = DAE35C682ABCA45C008B94FF /* ContactDetail.swift */; };
		DAE35C6C2ABCA951008B94FF /* Contact.swift in Sources */ = {isa = PBXBuildFile; fileRef = DAE35C6B2ABCA951008B94FF /* Contact.swift */; };
		DAE35C6E2ABCB68D008B94FF /* ContactCellTableViewCell.swift in Sources */ = {isa = PBXBuildFile; fileRef = DAE35C6D2ABCB68D008B94FF /* ContactCellTableViewCell.swift */; };
/* End PBXBuildFile section */

/* Begin PBXFileReference section */
		DABE39D32AC354B70050FD01 /* ContactDaoRepository.swift */ = {isa = PBXFileReference; lastKnownFileType = sourcecode.swift; path = ContactDaoRepository.swift; sourceTree = "<group>"; };
		DABE39D72AC354FD0050FD01 /* HomepageViewModel.swift */ = {isa = PBXFileReference; lastKnownFileType = sourcecode.swift; path = HomepageViewModel.swift; sourceTree = "<group>"; };
		DABE39D92AC355180050FD01 /* ContactRegisterViewModel.swift */ = {isa = PBXFileReference; lastKnownFileType = sourcecode.swift; path = ContactRegisterViewModel.swift; sourceTree = "<group>"; };
		DABE39DB2AC355300050FD01 /* ContactDetailViewModel.swift */ = {isa = PBXFileReference; lastKnownFileType = sourcecode.swift; path = ContactDetailViewModel.swift; sourceTree = "<group>"; };
		DAE35C4C2ABCA2A3008B94FF /* ContactApp.app */ = {isa = PBXFileReference; explicitFileType = wrapper.application; includeInIndex = 0; path = ContactApp.app; sourceTree = BUILT_PRODUCTS_DIR; };
		DAE35C4F2ABCA2A3008B94FF /* AppDelegate.swift */ = {isa = PBXFileReference; lastKnownFileType = sourcecode.swift; path = AppDelegate.swift; sourceTree = "<group>"; };
		DAE35C512ABCA2A3008B94FF /* SceneDelegate.swift */ = {isa = PBXFileReference; lastKnownFileType = sourcecode.swift; path = SceneDelegate.swift; sourceTree = "<group>"; };
		DAE35C532ABCA2A3008B94FF /* HomepageVC.swift */ = {isa = PBXFileReference; lastKnownFileType = sourcecode.swift; path = HomepageVC.swift; sourceTree = "<group>"; };
		DAE35C562ABCA2A3008B94FF /* Base */ = {isa = PBXFileReference; lastKnownFileType = file.storyboard; name = Base; path = Base.lproj/Main.storyboard; sourceTree = "<group>"; };
		DAE35C582ABCA2A3008B94FF /* Assets.xcassets */ = {isa = PBXFileReference; lastKnownFileType = folder.assetcatalog; path = Assets.xcassets; sourceTree = "<group>"; };
		DAE35C5B2ABCA2A3008B94FF /* Base */ = {isa = PBXFileReference; lastKnownFileType = file.storyboard; name = Base; path = Base.lproj/LaunchScreen.storyboard; sourceTree = "<group>"; };
		DAE35C5D2ABCA2A3008B94FF /* Info.plist */ = {isa = PBXFileReference; lastKnownFileType = text.plist.xml; path = Info.plist; sourceTree = "<group>"; };
		DAE35C662ABCA422008B94FF /* ContactRegisterVC.swift */ = {isa = PBXFileReference; lastKnownFileType = sourcecode.swift; path = ContactRegisterVC.swift; sourceTree = "<group>"; };
		DAE35C682ABCA45C008B94FF /* ContactDetail.swift */ = {isa = PBXFileReference; lastKnownFileType = sourcecode.swift; path = ContactDetail.swift; sourceTree = "<group>"; };
		DAE35C6B2ABCA951008B94FF /* Contact.swift */ = {isa = PBXFileReference; lastKnownFileType = sourcecode.swift; path = Contact.swift; sourceTree = "<group>"; };
		DAE35C6D2ABCB68D008B94FF /* ContactCellTableViewCell.swift */ = {isa = PBXFileReference; lastKnownFileType = sourcecode.swift; path = ContactCellTableViewCell.swift; sourceTree = "<group>"; };
/* End PBXFileReference section */

/* Begin PBXFrameworksBuildPhase section */
		DAE35C492ABCA2A3008B94FF /* Frameworks */ = {
			isa = PBXFrameworksBuildPhase;
			buildActionMask = 2147483647;
			files = (
				DABE39DF2AC355A50050FD01 /* RxSwift in Frameworks */,
			);
			runOnlyForDeploymentPostprocessing = 0;
		};
/* End PBXFrameworksBuildPhase section */

/* Begin PBXGroup section */
		DABE39D22AC3549F0050FD01 /* Repo */ = {
			isa = PBXGroup;
			children = (
				DABE39D32AC354B70050FD01 /* ContactDaoRepository.swift */,
			);
			path = Repo;
			sourceTree = "<group>";
		};
		DABE39D52AC354EA0050FD01 /* ViewModel */ = {
			isa = PBXGroup;
			children = (
				DABE39D72AC354FD0050FD01 /* HomepageViewModel.swift */,
				DABE39D92AC355180050FD01 /* ContactRegisterViewModel.swift */,
				DABE39DB2AC355300050FD01 /* ContactDetailViewModel.swift */,
			);
			path = ViewModel;
			sourceTree = "<group>";
		};
		DABE39D62AC354F00050FD01 /* TableView */ = {
			isa = PBXGroup;
			children = (
				DAE35C6D2ABCB68D008B94FF /* ContactCellTableViewCell.swift */,
			);
			path = TableView;
			sourceTree = "<group>";
		};
		DAE35C432ABCA2A3008B94FF = {
			isa = PBXGroup;
			children = (
				DAE35C4E2ABCA2A3008B94FF /* ContactApp */,
				DAE35C4D2ABCA2A3008B94FF /* Products */,
			);
			sourceTree = "<group>";
		};
		DAE35C4D2ABCA2A3008B94FF /* Products */ = {
			isa = PBXGroup;
			children = (
				DAE35C4C2ABCA2A3008B94FF /* ContactApp.app */,
			);
			name = Products;
			sourceTree = "<group>";
		};
		DAE35C4E2ABCA2A3008B94FF /* ContactApp */ = {
			isa = PBXGroup;
			children = (
				DAE35C4F2ABCA2A3008B94FF /* AppDelegate.swift */,
				DAE35C512ABCA2A3008B94FF /* SceneDelegate.swift */,
				DAE35C642ABCA37B008B94FF /* UI */,
				DAE35C632ABCA35C008B94FF /* Data */,
				DAE35C552ABCA2A3008B94FF /* Main.storyboard */,
				DAE35C582ABCA2A3008B94FF /* Assets.xcassets */,
				DAE35C5A2ABCA2A3008B94FF /* LaunchScreen.storyboard */,
				DAE35C5D2ABCA2A3008B94FF /* Info.plist */,
			);
			path = ContactApp;
			sourceTree = "<group>";
		};
		DAE35C632ABCA35C008B94FF /* Data */ = {
			isa = PBXGroup;
			children = (
				DABE39D22AC3549F0050FD01 /* Repo */,
				DAE35C6A2ABCA93A008B94FF /* Entity */,
			);
			path = Data;
			sourceTree = "<group>";
		};
		DAE35C642ABCA37B008B94FF /* UI */ = {
			isa = PBXGroup;
			children = (
				DABE39D62AC354F00050FD01 /* TableView */,
				DABE39D52AC354EA0050FD01 /* ViewModel */,
				DAE35C652ABCA389008B94FF /* Views */,
			);
			path = UI;
			sourceTree = "<group>";
		};
		DAE35C652ABCA389008B94FF /* Views */ = {
			isa = PBXGroup;
			children = (
				DAE35C532ABCA2A3008B94FF /* HomepageVC.swift */,
				DAE35C662ABCA422008B94FF /* ContactRegisterVC.swift */,
				DAE35C682ABCA45C008B94FF /* ContactDetail.swift */,
			);
			path = Views;
			sourceTree = "<group>";
		};
		DAE35C6A2ABCA93A008B94FF /* Entity */ = {
			isa = PBXGroup;
			children = (
				DAE35C6B2ABCA951008B94FF /* Contact.swift */,
			);
			path = Entity;
			sourceTree = "<group>";
		};
/* End PBXGroup section */

/* Begin PBXNativeTarget section */
		DAE35C4B2ABCA2A3008B94FF /* ContactApp */ = {
			isa = PBXNativeTarget;
			buildConfigurationList = DAE35C602ABCA2A3008B94FF /* Build configuration list for PBXNativeTarget "ContactApp" */;
			buildPhases = (
				DAE35C482ABCA2A3008B94FF /* Sources */,
				DAE35C492ABCA2A3008B94FF /* Frameworks */,
				DAE35C4A2ABCA2A3008B94FF /* Resources */,
			);
			buildRules = (
			);
			dependencies = (
			);
			name = ContactApp;
			packageProductDependencies = (
				DABE39DE2AC355A50050FD01 /* RxSwift */,
			);
			productName = ContactApp;
			productReference = DAE35C4C2ABCA2A3008B94FF /* ContactApp.app */;
			productType = "com.apple.product-type.application";
		};
/* End PBXNativeTarget section */

/* Begin PBXProject section */
		DAE35C442ABCA2A3008B94FF /* Project object */ = {
			isa = PBXProject;
			attributes = {
				BuildIndependentTargetsInParallel = 1;
				LastSwiftUpdateCheck = 1430;
				LastUpgradeCheck = 1430;
				TargetAttributes = {
					DAE35C4B2ABCA2A3008B94FF = {
						CreatedOnToolsVersion = 14.3.1;
					};
				};
			};
			buildConfigurationList = DAE35C472ABCA2A3008B94FF /* Build configuration list for PBXProject "ContactApp" */;
			compatibilityVersion = "Xcode 14.0";
			developmentRegion = en;
			hasScannedForEncodings = 0;
			knownRegions = (
				en,
				Base,
			);
			mainGroup = DAE35C432ABCA2A3008B94FF;
			packageReferences = (
				DABE39DD2AC355A50050FD01 /* XCRemoteSwiftPackageReference "RxSwift" */,
			);
			productRefGroup = DAE35C4D2ABCA2A3008B94FF /* Products */;
			projectDirPath = "";
			projectRoot = "";
			targets = (
				DAE35C4B2ABCA2A3008B94FF /* ContactApp */,
			);
		};
/* End PBXProject section */

/* Begin PBXResourcesBuildPhase section */
		DAE35C4A2ABCA2A3008B94FF /* Resources */ = {
			isa = PBXResourcesBuildPhase;
			buildActionMask = 2147483647;
			files = (
				DAE35C5C2ABCA2A3008B94FF /* LaunchScreen.storyboard in Resources */,
				DAE35C592ABCA2A3008B94FF /* Assets.xcassets in Resources */,
				DAE35C572ABCA2A3008B94FF /* Main.storyboard in Resources */,
			);
			runOnlyForDeploymentPostprocessing = 0;
		};
/* End PBXResourcesBuildPhase section */

/* Begin PBXSourcesBuildPhase section */
		DAE35C482ABCA2A3008B94FF /* Sources */ = {
			isa = PBXSourcesBuildPhase;
			buildActionMask = 2147483647;
			files = (
				DAE35C6C2ABCA951008B94FF /* Contact.swift in Sources */,
				DAE35C672ABCA422008B94FF /* ContactRegisterVC.swift in Sources */,
				DABE39DC2AC355300050FD01 /* ContactDetailViewModel.swift in Sources */,
				DAE35C542ABCA2A3008B94FF /* HomepageVC.swift in Sources */,
				DAE35C502ABCA2A3008B94FF /* AppDelegate.swift in Sources */,
				DABE39DA2AC355180050FD01 /* ContactRegisterViewModel.swift in Sources */,
				DABE39D82AC354FD0050FD01 /* HomepageViewModel.swift in Sources */,
				DAE35C6E2ABCB68D008B94FF /* ContactCellTableViewCell.swift in Sources */,
				DABE39D42AC354B70050FD01 /* ContactDaoRepository.swift in Sources */,
				DAE35C522ABCA2A3008B94FF /* SceneDelegate.swift in Sources */,
				DAE35C692ABCA45C008B94FF /* ContactDetail.swift in Sources */,
			);
			runOnlyForDeploymentPostprocessing = 0;
		};
/* End PBXSourcesBuildPhase section */

/* Begin PBXVariantGroup section */
		DAE35C552ABCA2A3008B94FF /* Main.storyboard */ = {
			isa = PBXVariantGroup;
			children = (
				DAE35C562ABCA2A3008B94FF /* Base */,
			);
			name = Main.storyboard;
			sourceTree = "<group>";
		};
		DAE35C5A2ABCA2A3008B94FF /* LaunchScreen.storyboard */ = {
			isa = PBXVariantGroup;
			children = (
				DAE35C5B2ABCA2A3008B94FF /* Base */,
			);
			name = LaunchScreen.storyboard;
			sourceTree = "<group>";
		};
/* End PBXVariantGroup section */

/* Begin XCBuildConfiguration section */
		DAE35C5E2ABCA2A3008B94FF /* Debug */ = {
			isa = XCBuildConfiguration;
			buildSettings = {
				ALWAYS_SEARCH_USER_PATHS = NO;
				CLANG_ANALYZER_NONNULL = YES;
				CLANG_ANALYZER_NUMBER_OBJECT_CONVERSION = YES_AGGRESSIVE;
				CLANG_CXX_LANGUAGE_STANDARD = "gnu++20";
				CLANG_ENABLE_MODULES = YES;
				CLANG_ENABLE_OBJC_ARC = YES;
				CLANG_ENABLE_OBJC_WEAK = YES;
				CLANG_WARN_BLOCK_CAPTURE_AUTORELEASING = YES;
				CLANG_WARN_BOOL_CONVERSION = YES;
				CLANG_WARN_COMMA = YES;
				CLANG_WARN_CONSTANT_CONVERSION = YES;
				CLANG_WARN_DEPRECATED_OBJC_IMPLEMENTATIONS = YES;
				CLANG_WARN_DIRECT_OBJC_ISA_USAGE = YES_ERROR;
				CLANG_WARN_DOCUMENTATION_COMMENTS = YES;
				CLANG_WARN_EMPTY_BODY = YES;
				CLANG_WARN_ENUM_CONVERSION = YES;
				CLANG_WARN_INFINITE_RECURSION = YES;
				CLANG_WARN_INT_CONVERSION = YES;
				CLANG_WARN_NON_LITERAL_NULL_CONVERSION = YES;
				CLANG_WARN_OBJC_IMPLICIT_RETAIN_SELF = YES;
				CLANG_WARN_OBJC_LITERAL_CONVERSION = YES;
				CLANG_WARN_OBJC_ROOT_CLASS = YES_ERROR;
				CLANG_WARN_QUOTED_INCLUDE_IN_FRAMEWORK_HEADER = YES;
				CLANG_WARN_RANGE_LOOP_ANALYSIS = YES;
				CLANG_WARN_STRICT_PROTOTYPES = YES;
				CLANG_WARN_SUSPICIOUS_MOVE = YES;
				CLANG_WARN_UNGUARDED_AVAILABILITY = YES_AGGRESSIVE;
				CLANG_WARN_UNREACHABLE_CODE = YES;
				CLANG_WARN__DUPLICATE_METHOD_MATCH = YES;
				COPY_PHASE_STRIP = NO;
				DEBUG_INFORMATION_FORMAT = dwarf;
				ENABLE_STRICT_OBJC_MSGSEND = YES;
				ENABLE_TESTABILITY = YES;
				GCC_C_LANGUAGE_STANDARD = gnu11;
				GCC_DYNAMIC_NO_PIC = NO;
				GCC_NO_COMMON_BLOCKS = YES;
				GCC_OPTIMIZATION_LEVEL = 0;
				GCC_PREPROCESSOR_DEFINITIONS = (
					"DEBUG=1",
					"$(inherited)",
				);
				GCC_WARN_64_TO_32_BIT_CONVERSION = YES;
				GCC_WARN_ABOUT_RETURN_TYPE = YES_ERROR;
				GCC_WARN_UNDECLARED_SELECTOR = YES;
				GCC_WARN_UNINITIALIZED_AUTOS = YES_AGGRESSIVE;
				GCC_WARN_UNUSED_FUNCTION = YES;
				GCC_WARN_UNUSED_VARIABLE = YES;
				IPHONEOS_DEPLOYMENT_TARGET = 16.4;
				MTL_ENABLE_DEBUG_INFO = INCLUDE_SOURCE;
				MTL_FAST_MATH = YES;
				ONLY_ACTIVE_ARCH = YES;
				SDKROOT = iphoneos;
				SWIFT_ACTIVE_COMPILATION_CONDITIONS = DEBUG;
				SWIFT_OPTIMIZATION_LEVEL = "-Onone";
			};
			name = Debug;
		};
		DAE35C5F2ABCA2A3008B94FF /* Release */ = {
			isa = XCBuildConfiguration;
			buildSettings = {
				ALWAYS_SEARCH_USER_PATHS = NO;
				CLANG_ANALYZER_NONNULL = YES;
				CLANG_ANALYZER_NUMBER_OBJECT_CONVERSION = YES_AGGRESSIVE;
				CLANG_CXX_LANGUAGE_STANDARD = "gnu++20";
				CLANG_ENABLE_MODULES = YES;
				CLANG_ENABLE_OBJC_ARC = YES;
				CLANG_ENABLE_OBJC_WEAK = YES;
				CLANG_WARN_BLOCK_CAPTURE_AUTORELEASING = YES;
				CLANG_WARN_BOOL_CONVERSION = YES;
				CLANG_WARN_COMMA = YES;
				CLANG_WARN_CONSTANT_CONVERSION = YES;
				CLANG_WARN_DEPRECATED_OBJC_IMPLEMENTATIONS = YES;
				CLANG_WARN_DIRECT_OBJC_ISA_USAGE = YES_ERROR;
				CLANG_WARN_DOCUMENTATION_COMMENTS = YES;
				CLANG_WARN_EMPTY_BODY = YES;
				CLANG_WARN_ENUM_CONVERSION = YES;
				CLANG_WARN_INFINITE_RECURSION = YES;
				CLANG_WARN_INT_CONVERSION = YES;
				CLANG_WARN_NON_LITERAL_NULL_CONVERSION = YES;
				CLANG_WARN_OBJC_IMPLICIT_RETAIN_SELF = YES;
				CLANG_WARN_OBJC_LITERAL_CONVERSION = YES;
				CLANG_WARN_OBJC_ROOT_CLASS = YES_ERROR;
				CLANG_WARN_QUOTED_INCLUDE_IN_FRAMEWORK_HEADER = YES;
				CLANG_WARN_RANGE_LOOP_ANALYSIS = YES;
				CLANG_WARN_STRICT_PROTOTYPES = YES;
				CLANG_WARN_SUSPICIOUS_MOVE = YES;
				CLANG_WARN_UNGUARDED_AVAILABILITY = YES_AGGRESSIVE;
				CLANG_WARN_UNREACHABLE_CODE = YES;
				CLANG_WARN__DUPLICATE_METHOD_MATCH = YES;
				COPY_PHASE_STRIP = NO;
				DEBUG_INFORMATION_FORMAT = "dwarf-with-dsym";
				ENABLE_NS_ASSERTIONS = NO;
				ENABLE_STRICT_OBJC_MSGSEND = YES;
				GCC_C_LANGUAGE_STANDARD = gnu11;
				GCC_NO_COMMON_BLOCKS = YES;
				GCC_WARN_64_TO_32_BIT_CONVERSION = YES;
				GCC_WARN_ABOUT_RETURN_TYPE = YES_ERROR;
				GCC_WARN_UNDECLARED_SELECTOR = YES;
				GCC_WARN_UNINITIALIZED_AUTOS = YES_AGGRESSIVE;
				GCC_WARN_UNUSED_FUNCTION = YES;
				GCC_WARN_UNUSED_VARIABLE = YES;
				IPHONEOS_DEPLOYMENT_TARGET = 16.4;
				MTL_ENABLE_DEBUG_INFO = NO;
				MTL_FAST_MATH = YES;
				SDKROOT = iphoneos;
				SWIFT_COMPILATION_MODE = wholemodule;
				SWIFT_OPTIMIZATION_LEVEL = "-O";
				VALIDATE_PRODUCT = YES;
			};
			name = Release;
		};
		DAE35C612ABCA2A3008B94FF /* Debug */ = {
			isa = XCBuildConfiguration;
			buildSettings = {
				ASSETCATALOG_COMPILER_APPICON_NAME = AppIcon;
				ASSETCATALOG_COMPILER_GLOBAL_ACCENT_COLOR_NAME = AccentColor;
				CODE_SIGN_STYLE = Automatic;
				CURRENT_PROJECT_VERSION = 1;
				DEVELOPMENT_TEAM = 7YAHT2XZPP;
				GENERATE_INFOPLIST_FILE = YES;
				INFOPLIST_FILE = ContactApp/Info.plist;
				INFOPLIST_KEY_CFBundleDisplayName = Contact;
				INFOPLIST_KEY_UIApplicationSupportsIndirectInputEvents = YES;
				INFOPLIST_KEY_UILaunchStoryboardName = LaunchScreen;
				INFOPLIST_KEY_UIMainStoryboardFile = Main;
				INFOPLIST_KEY_UISupportedInterfaceOrientations_iPad = "UIInterfaceOrientationPortrait UIInterfaceOrientationPortraitUpsideDown UIInterfaceOrientationLandscapeLeft UIInterfaceOrientationLandscapeRight";
				INFOPLIST_KEY_UISupportedInterfaceOrientations_iPhone = "UIInterfaceOrientationPortrait UIInterfaceOrientationLandscapeLeft UIInterfaceOrientationLandscapeRight";
				LD_RUNPATH_SEARCH_PATHS = (
					"$(inherited)",
					"@executable_path/Frameworks",
				);
				MARKETING_VERSION = 1.0;
				PRODUCT_BUNDLE_IDENTIFIER = yakupacs.ContactApp;
				PRODUCT_NAME = "$(TARGET_NAME)";
				SWIFT_EMIT_LOC_STRINGS = YES;
				SWIFT_VERSION = 5.0;
				TARGETED_DEVICE_FAMILY = "1,2";
			};
			name = Debug;
		};
		DAE35C622ABCA2A3008B94FF /* Release */ = {
			isa = XCBuildConfiguration;
			buildSettings = {
				ASSETCATALOG_COMPILER_APPICON_NAME = AppIcon;
				ASSETCATALOG_COMPILER_GLOBAL_ACCENT_COLOR_NAME = AccentColor;
				CODE_SIGN_STYLE = Automatic;
				CURRENT_PROJECT_VERSION = 1;
				DEVELOPMENT_TEAM = 7YAHT2XZPP;
				GENERATE_INFOPLIST_FILE = YES;
				INFOPLIST_FILE = ContactApp/Info.plist;
				INFOPLIST_KEY_CFBundleDisplayName = Contact;
				INFOPLIST_KEY_UIApplicationSupportsIndirectInputEvents = YES;
				INFOPLIST_KEY_UILaunchStoryboardName = LaunchScreen;
				INFOPLIST_KEY_UIMainStoryboardFile = Main;
				INFOPLIST_KEY_UISupportedInterfaceOrientations_iPad = "UIInterfaceOrientationPortrait UIInterfaceOrientationPortraitUpsideDown UIInterfaceOrientationLandscapeLeft UIInterfaceOrientationLandscapeRight";
				INFOPLIST_KEY_UISupportedInterfaceOrientations_iPhone = "UIInterfaceOrientationPortrait UIInterfaceOrientationLandscapeLeft UIInterfaceOrientationLandscapeRight";
				LD_RUNPATH_SEARCH_PATHS = (
					"$(inherited)",
					"@executable_path/Frameworks",
				);
				MARKETING_VERSION = 1.0;
				PRODUCT_BUNDLE_IDENTIFIER = yakupacs.ContactApp;
				PRODUCT_NAME = "$(TARGET_NAME)";
				SWIFT_EMIT_LOC_STRINGS = YES;
				SWIFT_VERSION = 5.0;
				TARGETED_DEVICE_FAMILY = "1,2";
			};
			name = Release;
		};
/* End XCBuildConfiguration section */

/* Begin XCConfigurationList section */
		DAE35C472ABCA2A3008B94FF /* Build configuration list for PBXProject "ContactApp" */ = {
			isa = XCConfigurationList;
			buildConfigurations = (
				DAE35C5E2ABCA2A3008B94FF /* Debug */,
				DAE35C5F2ABCA2A3008B94FF /* Release */,
			);
			defaultConfigurationIsVisible = 0;
			defaultConfigurationName = Release;
		};
		DAE35C602ABCA2A3008B94FF /* Build configuration list for PBXNativeTarget "ContactApp" */ = {
			isa = XCConfigurationList;
			buildConfigurations = (
				DAE35C612ABCA2A3008B94FF /* Debug */,
				DAE35C622ABCA2A3008B94FF /* Release */,
			);
			defaultConfigurationIsVisible = 0;
			defaultConfigurationName = Release;
		};
/* End XCConfigurationList section */

/* Begin XCRemoteSwiftPackageReference section */
		DABE39DD2AC355A50050FD01 /* XCRemoteSwiftPackageReference "RxSwift" */ = {
			isa = XCRemoteSwiftPackageReference;
			repositoryURL = "https://github.com/ReactiveX/RxSwift.git";
			requirement = {
				kind = upToNextMajorVersion;
				minimumVersion = 6.0.0;
			};
		};
/* End XCRemoteSwiftPackageReference section */

/* Begin XCSwiftPackageProductDependency section */
		DABE39DE2AC355A50050FD01 /* RxSwift */ = {
			isa = XCSwiftPackageProductDependency;
			package = DABE39DD2AC355A50050FD01 /* XCRemoteSwiftPackageReference "RxSwift" */;
			productName = RxSwift;
		};
/* End XCSwiftPackageProductDependency section */
	};
	rootObject = DAE35C442ABCA2A3008B94FF /* Project object */;
}
